# This file is automatically @generated by Cargo.
# It is not intended for manual editing.
version = 3

[[package]]
name = "interp1"
version = "0.1.0"

[[package]]
name = "interp2"
version = "0.1.0"

[[package]]
name = "interp3"
version = "0.1.0"

[[package]]
name = "interp4"
version = "0.1.0"

[[package]]
name = "interp5"
version = "0.1.0"

[[package]]
name = "interp6"
version = "0.1.0"

[[package]]
name = "interp7"
version = "0.1.0"
